
Microsoft Visual Studio Solution File, Format Version 12.00
# Visual Studio 14
VisualStudioVersion = 14.0.25420.1
MinimumVisualStudioVersion = 10.0.40219.1
Project("{FAE04EC0-301F-11D3-BF4B-00C04F79EFBC}") = "MvcSimplePager", "MvcSimplePager\MvcSimplePager.csproj", "{5DDC6908-C02A-4BA2-A515-080C090F0228}"
EndProject
Project("{FAE04EC0-301F-11D3-BF4B-00C04F79EFBC}") = "MvcSimplePagerDemo", "MvcSimplePagerDemo\MvcSimplePagerDemo.csproj", "{7E4CB936-66A0-42D1-80CC-8F3955289CCD}"
EndProject
Project("{2150E333-8FDC-42A3-9474-1A3956D46DE8}") = "00Solution Items", "00Solution Items", "{435DB2BA-C37A-424C-B401-658E64F1C807}"
	ProjectSection(SolutionItems) = preProject
		MvcSimplePager\build.cmd = MvcSimplePager\build.cmd
		MvcSimplePager\MvcSimplePager.nuspec = MvcSimplePager\MvcSimplePager.nuspec
		MvcSimplePager\nuget.exe = MvcSimplePager\nuget.exe
		README.md = README.md
	EndProjectSection
EndProject
Project("{2150E333-8FDC-42A3-9474-1A3956D46DE8}") = "01src", "01src", "{DCBCE71F-B72B-43E3-AEC3-6C0F13561E21}"
EndProject
Project("{2150E333-8FDC-42A3-9474-1A3956D46DE8}") = "02Demo", "02Demo", "{A1DD2C6F-96B3-42E9-91A5-EA3122F30EF2}"
EndProject
Global
	GlobalSection(SolutionConfigurationPlatforms) = preSolution
		Debug|Any CPU = Debug|Any CPU
		Release|Any CPU = Release|Any CPU
	EndGlobalSection
	GlobalSection(ProjectConfigurationPlatforms) = postSolution
		{5DDC6908-C02A-4BA2-A515-080C090F0228}.Debug|Any CPU.ActiveCfg = Debug|Any CPU
		{5DDC6908-C02A-4BA2-A515-080C090F0228}.Debug|Any CPU.Build.0 = Debug|Any CPU
		{5DDC6908-C02A-4BA2-A515-080C090F0228}.Release|Any CPU.ActiveCfg = Release|Any CPU
		{5DDC6908-C02A-4BA2-A515-080C090F0228}.Release|Any CPU.Build.0 = Release|Any CPU
		{7E4CB936-66A0-42D1-80CC-8F3955289CCD}.Debug|Any CPU.ActiveCfg = Debug|Any CPU
		{7E4CB936-66A0-42D1-80CC-8F3955289CCD}.Debug|Any CPU.Build.0 = Debug|Any CPU
		{7E4CB936-66A0-42D1-80CC-8F3955289CCD}.Release|Any CPU.ActiveCfg = Release|Any CPU
		{7E4CB936-66A0-42D1-80CC-8F3955289CCD}.Release|Any CPU.Build.0 = Release|Any CPU
	EndGlobalSection
	GlobalSection(SolutionProperties) = preSolution
		HideSolutionNode = FALSE
	EndGlobalSection
	GlobalSection(NestedProjects) = preSolution
		{5DDC6908-C02A-4BA2-A515-080C090F0228} = {DCBCE71F-B72B-43E3-AEC3-6C0F13561E21}
		{7E4CB936-66A0-42D1-80CC-8F3955289CCD} = {A1DD2C6F-96B3-42E9-91A5-EA3122F30EF2}
	EndGlobalSection
EndGlobal
